{
  "version": 4,
  "terraform_version": "1.11.4",
  "serial": 6,
  "lineage": "05eaa32c-17ad-1d79-eca9-e98e29cff679",
  "outputs": {
    "application_iam_role_arn": {
      "value": "arn:aws:iam::637538639520:role/sensor-sim-app-role",
      "type": "string"
    },
    "timestream_database_name": {
      "value": "sensor-sim-db",
      "type": "string"
    },
    "timestream_table_name": {
      "value": "accelerometer-data",
      "type": "string"
    }
  },
  "resources": [
    {
      "mode": "managed",
      "type": "aws_iam_policy",
      "name": "timestream_write_policy",
      "provider": "provider[\"registry.terraform.io/hashicorp/aws\"]",
      "instances": [
        {
          "schema_version": 0,
          "attributes": {
            "arn": "arn:aws:iam::637538639520:policy/sensor-sim-timestream-write-policy",
            "attachment_count": 0,
            "description": "Allow writing records to the Timestream sensor data table",
            "id": "arn:aws:iam::637538639520:policy/sensor-sim-timestream-write-policy",
            "name": "sensor-sim-timestream-write-policy",
            "name_prefix": "",
            "path": "/",
            "policy": "{\"Statement\":[{\"Action\":[\"timestream:WriteRecords\"],\"Effect\":\"Allow\",\"Resource\":\"arn:aws:timestream:us-east-2:637538639520:database/sensor-sim-db/table/accelerometer-data\"},{\"Action\":[\"timestream:DescribeEndpoints\"],\"Effect\":\"Allow\",\"Resource\":\"*\"}],\"Version\":\"2012-10-17\"}",
            "policy_id": "ANPAZI4CDT2QL2XW4SI5K",
            "tags": null,
            "tags_all": {}
          },
          "sensitive_attributes": [],
          "private": "bnVsbA==",
          "dependencies": [
            "aws_timestreamwrite_database.main",
            "aws_timestreamwrite_table.sensor_data"
          ]
        }
      ]
    },
    {
      "mode": "managed",
      "type": "aws_iam_role",
      "name": "application_role",
      "provider": "provider[\"registry.terraform.io/hashicorp/aws\"]",
      "instances": [
        {
          "schema_version": 0,
          "attributes": {
            "arn": "arn:aws:iam::637538639520:role/sensor-sim-app-role",
            "assume_role_policy": "{\"Statement\":[{\"Action\":\"sts:AssumeRole\",\"Effect\":\"Allow\",\"Principal\":{\"Service\":[\"ec2.amazonaws.com\",\"lambda.amazonaws.com\",\"ecs-tasks.amazonaws.com\",\"apprunner.amazonaws.com\"]}}],\"Version\":\"2012-10-17\"}",
            "create_date": "2025-04-16T22:53:40Z",
            "description": "Role assumed by the sensor data processing application/service",
            "force_detach_policies": false,
            "id": "sensor-sim-app-role",
            "inline_policy": [],
            "managed_policy_arns": [],
            "max_session_duration": 3600,
            "name": "sensor-sim-app-role",
            "name_prefix": "",
            "path": "/",
            "permissions_boundary": "",
            "tags": {
              "ManagedBy": "Terraform",
              "Project": "sensor-sim"
            },
            "tags_all": {
              "ManagedBy": "Terraform",
              "Project": "sensor-sim"
            },
            "unique_id": "AROAZI4CDT2QNKNNK35NU"
          },
          "sensitive_attributes": [],
          "private": "bnVsbA=="
        }
      ]
    },
    {
      "mode": "managed",
      "type": "aws_iam_role_policy_attachment",
      "name": "timestream_write_attach",
      "provider": "provider[\"registry.terraform.io/hashicorp/aws\"]",
      "instances": [
        {
          "schema_version": 0,
          "attributes": {
            "id": "sensor-sim-app-role-20250416225342475700000001",
            "policy_arn": "arn:aws:iam::637538639520:policy/sensor-sim-timestream-write-policy",
            "role": "sensor-sim-app-role"
          },
          "sensitive_attributes": [],
          "private": "bnVsbA==",
          "dependencies": [
            "aws_iam_policy.timestream_write_policy",
            "aws_iam_role.application_role",
            "aws_timestreamwrite_database.main",
            "aws_timestreamwrite_table.sensor_data"
          ]
        }
      ]
    },
    {
      "mode": "managed",
      "type": "aws_timestreamwrite_database",
      "name": "main",
      "provider": "provider[\"registry.terraform.io/hashicorp/aws\"]",
      "instances": [
        {
          "schema_version": 0,
          "attributes": {
            "arn": "arn:aws:timestream:us-east-2:637538639520:database/sensor-sim-db",
            "database_name": "sensor-sim-db",
            "id": "sensor-sim-db",
            "kms_key_id": "arn:aws:kms:us-east-2:637538639520:key/d4a1f238-d239-4b79-9912-ecde355ebb60",
            "table_count": 0,
            "tags": {
              "ManagedBy": "Terraform",
              "Project": "sensor-sim"
            },
            "tags_all": {
              "ManagedBy": "Terraform",
              "Project": "sensor-sim"
            }
          },
          "sensitive_attributes": [],
          "private": "bnVsbA=="
        }
      ]
    },
    {
      "mode": "managed",
      "type": "aws_timestreamwrite_table",
      "name": "sensor_data",
      "provider": "provider[\"registry.terraform.io/hashicorp/aws\"]",
      "instances": [
        {
          "schema_version": 0,
          "attributes": {
            "arn": "arn:aws:timestream:us-east-2:637538639520:database/sensor-sim-db/table/accelerometer-data",
            "database_name": "sensor-sim-db",
            "id": "accelerometer-data:sensor-sim-db",
            "magnetic_store_write_properties": [
              {
                "enable_magnetic_store_writes": true,
                "magnetic_store_rejected_data_location": []
              }
            ],
            "retention_properties": [
              {
                "magnetic_store_retention_period_in_days": 7,
                "memory_store_retention_period_in_hours": 24
              }
            ],
            "schema": [
              {
                "composite_partition_key": [
                  {
                    "enforcement_in_record": "",
                    "name": "",
                    "type": "MEASURE"
                  }
                ]
              }
            ],
            "table_name": "accelerometer-data",
            "tags": {
              "ManagedBy": "Terraform",
              "Project": "sensor-sim"
            },
            "tags_all": {
              "ManagedBy": "Terraform",
              "Project": "sensor-sim"
            }
          },
          "sensitive_attributes": [],
          "private": "bnVsbA==",
          "dependencies": [
            "aws_timestreamwrite_database.main"
          ]
        }
      ]
    }
  ],
  "check_results": null
}
